
Microsoft Visual Studio Solution File, Format Version 12.00
# Visual Studio Version 17
VisualStudioVersion = 17.0.31903.59
MinimumVisualStudioVersion = 10.0.40219.1
Project("{FAE04EC0-301F-11D3-BF4B-00C04F79EFBC}") = "Sqs.Tests", "Sqs.Tests\Sqs.Tests.csproj", "{88226F8D-EE03-41D1-9A2F-66D7B3332B11}"
EndProject
Project("{FAE04EC0-301F-11D3-BF4B-00C04F79EFBC}") = "sqs.publisher", "sqs.publisher\sqs.publisher.csproj", "{D9D06D4C-2976-423D-8461-1D33F7256F95}"
EndProject
Project("{FAE04EC0-301F-11D3-BF4B-00C04F79EFBC}") = "sqs.consumer", "sqs.consumer\sqs.consumer.csproj", "{473CAFD8-E8A6-4A97-BF3C-CAB0E11C5610}"
EndProject
Project("{FAE04EC0-301F-11D3-BF4B-00C04F79EFBC}") = "Customers.Api", "Customers.Api\Customers.Api.csproj", "{2E9E5B80-82A5-4BBA-AB73-308C12E85C84}"
EndProject
Project("{FAE04EC0-301F-11D3-BF4B-00C04F79EFBC}") = "Customers.Consumer", "Customers.Consumer\Customers.Consumer.csproj", "{56A1649C-EBD1-4194-8BD5-3189B0D9148B}"
EndProject
Global
	GlobalSection(SolutionConfigurationPlatforms) = preSolution
		Debug|Any CPU = Debug|Any CPU
		Release|Any CPU = Release|Any CPU
	EndGlobalSection
	GlobalSection(SolutionProperties) = preSolution
		HideSolutionNode = FALSE
	EndGlobalSection
	GlobalSection(ProjectConfigurationPlatforms) = postSolution
		{88226F8D-EE03-41D1-9A2F-66D7B3332B11}.Debug|Any CPU.ActiveCfg = Debug|Any CPU
		{88226F8D-EE03-41D1-9A2F-66D7B3332B11}.Debug|Any CPU.Build.0 = Debug|Any CPU
		{88226F8D-EE03-41D1-9A2F-66D7B3332B11}.Release|Any CPU.ActiveCfg = Release|Any CPU
		{88226F8D-EE03-41D1-9A2F-66D7B3332B11}.Release|Any CPU.Build.0 = Release|Any CPU
		{D9D06D4C-2976-423D-8461-1D33F7256F95}.Debug|Any CPU.ActiveCfg = Debug|Any CPU
		{D9D06D4C-2976-423D-8461-1D33F7256F95}.Debug|Any CPU.Build.0 = Debug|Any CPU
		{D9D06D4C-2976-423D-8461-1D33F7256F95}.Release|Any CPU.ActiveCfg = Release|Any CPU
		{D9D06D4C-2976-423D-8461-1D33F7256F95}.Release|Any CPU.Build.0 = Release|Any CPU
		{473CAFD8-E8A6-4A97-BF3C-CAB0E11C5610}.Debug|Any CPU.ActiveCfg = Debug|Any CPU
		{473CAFD8-E8A6-4A97-BF3C-CAB0E11C5610}.Debug|Any CPU.Build.0 = Debug|Any CPU
		{473CAFD8-E8A6-4A97-BF3C-CAB0E11C5610}.Release|Any CPU.ActiveCfg = Release|Any CPU
		{473CAFD8-E8A6-4A97-BF3C-CAB0E11C5610}.Release|Any CPU.Build.0 = Release|Any CPU
		{2E9E5B80-82A5-4BBA-AB73-308C12E85C84}.Debug|Any CPU.ActiveCfg = Debug|Any CPU
		{2E9E5B80-82A5-4BBA-AB73-308C12E85C84}.Debug|Any CPU.Build.0 = Debug|Any CPU
		{2E9E5B80-82A5-4BBA-AB73-308C12E85C84}.Release|Any CPU.ActiveCfg = Release|Any CPU
		{2E9E5B80-82A5-4BBA-AB73-308C12E85C84}.Release|Any CPU.Build.0 = Release|Any CPU
		{56A1649C-EBD1-4194-8BD5-3189B0D9148B}.Debug|Any CPU.ActiveCfg = Debug|Any CPU
		{56A1649C-EBD1-4194-8BD5-3189B0D9148B}.Debug|Any CPU.Build.0 = Debug|Any CPU
		{56A1649C-EBD1-4194-8BD5-3189B0D9148B}.Release|Any CPU.ActiveCfg = Release|Any CPU
		{56A1649C-EBD1-4194-8BD5-3189B0D9148B}.Release|Any CPU.Build.0 = Release|Any CPU
	EndGlobalSection
EndGlobal
